// !$*UTF8*$!
{
	archiveVersion = 1;
	classes = {
	};
	objectVersion = 77;
	objects = {

/* Begin PBXBuildFile section */
		A1B2C3D4E5F6A7B8C9D0E1F2 /* DesignSystem.swift in Sources */ = {isa = PBXBuildFile; fileRef = F1E2D3C4B5A6978869706152 /* DesignSystem.swift */; };
		B2C3D4E5F6A7B8C9D0E1F2A3 /* MacImportViewModel.swift in Sources */ = {isa = PBXBuildFile; fileRef = C3D4E5F6A7B8C9D0E1F2A3B4 /* MacImportViewModel.swift */; };
		29625FE4075A7077D7DAEE00 /* MacRecordingViewModel.swift in Sources */ = {isa = PBXBuildFile; fileRef = 525CAAA96AC7B0E2746BD460 /* MacRecordingViewModel.swift */; };
		35D27A6B97D674251A725039 /* MacRecordingDetailView.swift in Sources */ = {isa = PBXBuildFile; fileRef = 99AD484F2A2F2CA925BADC74 /* MacRecordingDetailView.swift */; };
		3C978997A1606FAF34D81A6A /* WaiComputerMacApp.swift in Sources */ = {isa = PBXBuildFile; fileRef = 899477C0E7692EB51A497716 /* WaiComputerMacApp.swift */; };
		43EC3AD5602AE97CF97F22B2 /* MacContentView.swift in Sources */ = {isa = PBXBuildFile; fileRef = 4A467DA7396A262853AB8271 /* MacContentView.swift */; };
		4F5A778B7DB5B69113852A9B /* MenuBarView.swift in Sources */ = {isa = PBXBuildFile; fileRef = 8720A51453F6A00129C44413 /* MenuBarView.swift */; };
		50402BE88225CADE945CA60D /* MacLibraryViewModel.swift in Sources */ = {isa = PBXBuildFile; fileRef = 78B67D18F6BA472B6CFC74F3 /* MacLibraryViewModel.swift */; };
		51E2AE1578658E50AFA2B3B4 /* MacSearchView.swift in Sources */ = {isa = PBXBuildFile; fileRef = F638439EAA5AA1369EA59AA7 /* MacSearchView.swift */; };
		6218C1D24ADB1EC39EEC810E /* SystemAudioManager.swift in Sources */ = {isa = PBXBuildFile; fileRef = 0101EAFAD4775FD2049A4AA3 /* SystemAudioManager.swift */; };
		833CC9619E8E2A888D6B2D8D /* LiveRecordingView.swift in Sources */ = {isa = PBXBuildFile; fileRef = A8E1F34165AE553FA42FDE91 /* LiveRecordingView.swift */; };
		83CB01D05304F022D5A2188E /* WaiComputerKit in Frameworks */ = {isa = PBXBuildFile; productRef = C9FED7AFDFB3BD38C93665B6 /* WaiComputerKit */; };
		8C849F5A4A5B0B522D8F9C9F /* MacSettingsView.swift in Sources */ = {isa = PBXBuildFile; fileRef = 6299E722D1B0554D90131758 /* MacSettingsView.swift */; };
		D45FF865581639B155BE4D04 /* RecordingListView.swift in Sources */ = {isa = PBXBuildFile; fileRef = AA555164F098038E385713E6 /* RecordingListView.swift */; };
		DED3994205172291160E4F83 /* MacChatView.swift in Sources */ = {isa = PBXBuildFile; fileRef = 4A8999379655635D74EC3514 /* MacChatView.swift */; };
		EF2C21D95E8EDDC1BE25FD41 /* MacTranscriptView.swift in Sources */ = {isa = PBXBuildFile; fileRef = 7C205DE1023E880B18BE09CB /* MacTranscriptView.swift */; };
		F3A4B5C6D7E8091A2B3C4D5E /* Assets.xcassets in Resources */ = {isa = PBXBuildFile; fileRef = D1A2B3C4E5F6071829304152 /* Assets.xcassets */; };
/* End PBXBuildFile section */

/* Begin PBXFileReference section */
		F1E2D3C4B5A6978869706152 /* DesignSystem.swift */ = {isa = PBXFileReference; lastKnownFileType = sourcecode.swift; path = DesignSystem.swift; sourceTree = "<group>"; };
		0101EAFAD4775FD2049A4AA3 /* SystemAudioManager.swift */ = {isa = PBXFileReference; lastKnownFileType = sourcecode.swift; path = SystemAudioManager.swift; sourceTree = "<group>"; };
		10E4E623F7FC6EEBED7495A6 /* WaiComputerKit */ = {isa = PBXFileReference; lastKnownFileType = folder; name = WaiComputerKit; path = ../../shared/WaiComputerKit; sourceTree = SOURCE_ROOT; };
		31B51F48FF32F6BC868F2C12 /* WaiComputer.app */ = {isa = PBXFileReference; explicitFileType = wrapper.application; includeInIndex = 0; path = WaiComputer.app; sourceTree = BUILT_PRODUCTS_DIR; };
		4A467DA7396A262853AB8271 /* MacContentView.swift */ = {isa = PBXFileReference; lastKnownFileType = sourcecode.swift; path = MacContentView.swift; sourceTree = "<group>"; };
		4A8999379655635D74EC3514 /* MacChatView.swift */ = {isa = PBXFileReference; lastKnownFileType = sourcecode.swift; path = MacChatView.swift; sourceTree = "<group>"; };
		C3D4E5F6A7B8C9D0E1F2A3B4 /* MacImportViewModel.swift */ = {isa = PBXFileReference; lastKnownFileType = sourcecode.swift; path = MacImportViewModel.swift; sourceTree = "<group>"; };
		525CAAA96AC7B0E2746BD460 /* MacRecordingViewModel.swift */ = {isa = PBXFileReference; lastKnownFileType = sourcecode.swift; path = MacRecordingViewModel.swift; sourceTree = "<group>"; };
		6299E722D1B0554D90131758 /* MacSettingsView.swift */ = {isa = PBXFileReference; lastKnownFileType = sourcecode.swift; path = MacSettingsView.swift; sourceTree = "<group>"; };
		78B67D18F6BA472B6CFC74F3 /* MacLibraryViewModel.swift */ = {isa = PBXFileReference; lastKnownFileType = sourcecode.swift; path = MacLibraryViewModel.swift; sourceTree = "<group>"; };
		7C205DE1023E880B18BE09CB /* MacTranscriptView.swift */ = {isa = PBXFileReference; lastKnownFileType = sourcecode.swift; path = MacTranscriptView.swift; sourceTree = "<group>"; };
		8720A51453F6A00129C44413 /* MenuBarView.swift */ = {isa = PBXFileReference; lastKnownFileType = sourcecode.swift; path = MenuBarView.swift; sourceTree = "<group>"; };
		899477C0E7692EB51A497716 /* WaiComputerMacApp.swift */ = {isa = PBXFileReference; lastKnownFileType = sourcecode.swift; path = WaiComputerMacApp.swift; sourceTree = "<group>"; };
		99AD484F2A2F2CA925BADC74 /* MacRecordingDetailView.swift */ = {isa = PBXFileReference; lastKnownFileType = sourcecode.swift; path = MacRecordingDetailView.swift; sourceTree = "<group>"; };
		A8E1F34165AE553FA42FDE91 /* LiveRecordingView.swift */ = {isa = PBXFileReference; lastKnownFileType = sourcecode.swift; path = LiveRecordingView.swift; sourceTree = "<group>"; };
		AA555164F098038E385713E6 /* RecordingListView.swift */ = {isa = PBXFileReference; lastKnownFileType = sourcecode.swift; path = RecordingListView.swift; sourceTree = "<group>"; };
		F638439EAA5AA1369EA59AA7 /* MacSearchView.swift */ = {isa = PBXFileReference; lastKnownFileType = sourcecode.swift; path = MacSearchView.swift; sourceTree = "<group>"; };
		D1A2B3C4E5F6071829304152 /* Assets.xcassets */ = {isa = PBXFileReference; lastKnownFileType = folder.assetcatalog; path = Assets.xcassets; sourceTree = "<group>"; };
/* End PBXFileReference section */

/* Begin PBXFrameworksBuildPhase section */
		833D494F588DA1C7E4D67737 /* Frameworks */ = {
			isa = PBXFrameworksBuildPhase;
			buildActionMask = 2147483647;
			files = (
				83CB01D05304F022D5A2188E /* WaiComputerKit in Frameworks */,
			);
			runOnlyForDeploymentPostprocessing = 0;
		};
/* End PBXFrameworksBuildPhase section */

/* Begin PBXResourcesBuildPhase section */
		E2B3C4D5F6071829304152A3 /* Resources */ = {
			isa = PBXResourcesBuildPhase;
			buildActionMask = 2147483647;
			files = (
				F3A4B5C6D7E8091A2B3C4D5E /* Assets.xcassets in Resources */,
			);
			runOnlyForDeploymentPostprocessing = 0;
		};
/* End PBXResourcesBuildPhase section */

/* Begin PBXGroup section */
		0543B2B27726308F5C10C36E /* Search */ = {
			isa = PBXGroup;
			children = (
				F638439EAA5AA1369EA59AA7 /* MacSearchView.swift */,
			);
			path = Search;
			sourceTree = "<group>";
		};
		0F7FCBB530219983E8524AFF = {
			isa = PBXGroup;
			children = (
				5CAA8B375370FA674DF40DF8 /* Packages */,
				C302D34B9210F9FA7170AD26 /* WaiComputer */,
				1FEE0A2022C656526CD39DA0 /* Products */,
			);
			sourceTree = "<group>";
		};
		1FEE0A2022C656526CD39DA0 /* Products */ = {
			isa = PBXGroup;
			children = (
				31B51F48FF32F6BC868F2C12 /* WaiComputer.app */,
			);
			name = Products;
			sourceTree = "<group>";
		};
		4724807600A515F7146E57A3 /* Chat */ = {
			isa = PBXGroup;
			children = (
				4A8999379655635D74EC3514 /* MacChatView.swift */,
			);
			path = Chat;
			sourceTree = "<group>";
		};
		5CAA8B375370FA674DF40DF8 /* Packages */ = {
			isa = PBXGroup;
			children = (
				10E4E623F7FC6EEBED7495A6 /* WaiComputerKit */,
			);
			name = Packages;
			sourceTree = "<group>";
		};
		5D15DE54E4FDA3B1560A15A6 /* Features */ = {
			isa = PBXGroup;
			children = (
				4724807600A515F7146E57A3 /* Chat */,
				A45B2EFE55B5BF47533D4858 /* Library */,
				ACB83F31AAC0D0B4DF9397E0 /* Recording */,
				0543B2B27726308F5C10C36E /* Search */,
				C48042DB6EE6C28BC32CC84A /* Settings */,
			);
			path = Features;
			sourceTree = "<group>";
		};
		80368ACBB24566AA7B8D7B0B /* App */ = {
			isa = PBXGroup;
			children = (
				4A467DA7396A262853AB8271 /* MacContentView.swift */,
				8720A51453F6A00129C44413 /* MenuBarView.swift */,
				899477C0E7692EB51A497716 /* WaiComputerMacApp.swift */,
			);
			path = App;
			sourceTree = "<group>";
		};
		8C9F74D9A3A5DF8C28E76AD9 /* Resources */ = {
			isa = PBXGroup;
			children = (
			);
			path = Resources;
			sourceTree = "<group>";
		};
		A45B2EFE55B5BF47533D4858 /* Library */ = {
			isa = PBXGroup;
			children = (
				78B67D18F6BA472B6CFC74F3 /* MacLibraryViewModel.swift */,
				99AD484F2A2F2CA925BADC74 /* MacRecordingDetailView.swift */,
				7C205DE1023E880B18BE09CB /* MacTranscriptView.swift */,
				AA555164F098038E385713E6 /* RecordingListView.swift */,
			);
			path = Library;
			sourceTree = "<group>";
		};
		ACB83F31AAC0D0B4DF9397E0 /* Recording */ = {
			isa = PBXGroup;
			children = (
				A8E1F34165AE553FA42FDE91 /* LiveRecordingView.swift */,
				C3D4E5F6A7B8C9D0E1F2A3B4 /* MacImportViewModel.swift */,
				525CAAA96AC7B0E2746BD460 /* MacRecordingViewModel.swift */,
				0101EAFAD4775FD2049A4AA3 /* SystemAudioManager.swift */,
			);
			path = Recording;
			sourceTree = "<group>";
		};
		C302D34B9210F9FA7170AD26 /* WaiComputer */ = {
			isa = PBXGroup;
			children = (
				80368ACBB24566AA7B8D7B0B /* App */,
				D1A2B3C4E5F6071829304152 /* Assets.xcassets */,
				E1A98E16AC8A5557AE9585A0 /* Core */,
				5D15DE54E4FDA3B1560A15A6 /* Features */,
				8C9F74D9A3A5DF8C28E76AD9 /* Resources */,
			);
			path = WaiComputer;
			sourceTree = "<group>";
		};
		C48042DB6EE6C28BC32CC84A /* Settings */ = {
			isa = PBXGroup;
			children = (
				6299E722D1B0554D90131758 /* MacSettingsView.swift */,
			);
			path = Settings;
			sourceTree = "<group>";
		};
		E1A98E16AC8A5557AE9585A0 /* Core */ = {
			isa = PBXGroup;
			children = (
				F1E2D3C4B5A6978869706152 /* DesignSystem.swift */,
			);
			path = Core;
			sourceTree = "<group>";
		};
/* End PBXGroup section */

/* Begin PBXNativeTarget section */
		0950F2D4CFDE46D8C8A41CC6 /* WaiComputer */ = {
			isa = PBXNativeTarget;
			buildConfigurationList = 1CBEA9D2537AC659AE2915E5 /* Build configuration list for PBXNativeTarget "WaiComputer" */;
			buildPhases = (
				3E35E7FA525FD79A396698F0 /* Sources */,
				833D494F588DA1C7E4D67737 /* Frameworks */,
				E2B3C4D5F6071829304152A3 /* Resources */,
			);
			buildRules = (
			);
			dependencies = (
			);
			name = WaiComputer;
			packageProductDependencies = (
				C9FED7AFDFB3BD38C93665B6 /* WaiComputerKit */,
			);
			productName = WaiComputer;
			productReference = 31B51F48FF32F6BC868F2C12 /* WaiComputer.app */;
			productType = "com.apple.product-type.application";
		};
/* End PBXNativeTarget section */

/* Begin PBXProject section */
		658E3EA6F491B911F68B7FA8 /* Project object */ = {
			isa = PBXProject;
			attributes = {
				BuildIndependentTargetsInParallel = YES;
				LastUpgradeCheck = 1600;
				TargetAttributes = {
					0950F2D4CFDE46D8C8A41CC6 = {
						ProvisioningStyle = Automatic;
					};
				};
			};
			buildConfigurationList = AEC4AF6123C4DE93EA71D765 /* Build configuration list for PBXProject "WaiComputer" */;
			compatibilityVersion = "Xcode 14.0";
			developmentRegion = en;
			hasScannedForEncodings = 0;
			knownRegions = (
				Base,
				en,
			);
			mainGroup = 0F7FCBB530219983E8524AFF;
			minimizedProjectReferenceProxies = 1;
			packageReferences = (
				F24DCE6CD1968587328A2788 /* XCLocalSwiftPackageReference "../../shared/WaiComputerKit" */,
			);
			preferredProjectObjectVersion = 77;
			projectDirPath = "";
			projectRoot = "";
			targets = (
				0950F2D4CFDE46D8C8A41CC6 /* WaiComputer */,
			);
		};
/* End PBXProject section */

/* Begin PBXSourcesBuildPhase section */
		3E35E7FA525FD79A396698F0 /* Sources */ = {
			isa = PBXSourcesBuildPhase;
			buildActionMask = 2147483647;
			files = (
				A1B2C3D4E5F6A7B8C9D0E1F2 /* DesignSystem.swift in Sources */,
				833CC9619E8E2A888D6B2D8D /* LiveRecordingView.swift in Sources */,
				B2C3D4E5F6A7B8C9D0E1F2A3 /* MacImportViewModel.swift in Sources */,
				DED3994205172291160E4F83 /* MacChatView.swift in Sources */,
				43EC3AD5602AE97CF97F22B2 /* MacContentView.swift in Sources */,
				50402BE88225CADE945CA60D /* MacLibraryViewModel.swift in Sources */,
				35D27A6B97D674251A725039 /* MacRecordingDetailView.swift in Sources */,
				29625FE4075A7077D7DAEE00 /* MacRecordingViewModel.swift in Sources */,
				51E2AE1578658E50AFA2B3B4 /* MacSearchView.swift in Sources */,
				8C849F5A4A5B0B522D8F9C9F /* MacSettingsView.swift in Sources */,
				EF2C21D95E8EDDC1BE25FD41 /* MacTranscriptView.swift in Sources */,
				4F5A778B7DB5B69113852A9B /* MenuBarView.swift in Sources */,
				D45FF865581639B155BE4D04 /* RecordingListView.swift in Sources */,
				6218C1D24ADB1EC39EEC810E /* SystemAudioManager.swift in Sources */,
				3C978997A1606FAF34D81A6A /* WaiComputerMacApp.swift in Sources */,
			);
			runOnlyForDeploymentPostprocessing = 0;
		};
/* End PBXSourcesBuildPhase section */

/* Begin XCBuildConfiguration section */
		1F509874943B7BFAB01A2F76 /* Release */ = {
			isa = XCBuildConfiguration;
			buildSettings = {
				ASSETCATALOG_COMPILER_APPICON_NAME = AppIcon;
				CODE_SIGN_ENTITLEMENTS = WaiComputer/WaiComputer.entitlements;
				CODE_SIGN_STYLE = Automatic;
				COMBINE_HIDPI_IMAGES = YES;
				CURRENT_PROJECT_VERSION = 1;
				INFOPLIST_FILE = WaiComputer/Info.plist;
				LD_RUNPATH_SEARCH_PATHS = (
					"$(inherited)",
					"@executable_path/../Frameworks",
				);
				MACOSX_DEPLOYMENT_TARGET = 14.0;
				MARKETING_VERSION = 1.0.0;
				PRODUCT_BUNDLE_IDENTIFIER = com.waiwai.waicomputer.macos;
				SDKROOT = macosx;
				SWIFT_VERSION = 5.9;
			};
			name = Release;
		};
		502BB6D65057F8ED873234D1 /* Debug */ = {
			isa = XCBuildConfiguration;
			buildSettings = {
				ALWAYS_SEARCH_USER_PATHS = NO;
				CLANG_ANALYZER_NONNULL = YES;
				CLANG_ANALYZER_NUMBER_OBJECT_CONVERSION = YES_AGGRESSIVE;
				CLANG_CXX_LANGUAGE_STANDARD = "gnu++14";
				CLANG_CXX_LIBRARY = "libc++";
				CLANG_ENABLE_MODULES = YES;
				CLANG_ENABLE_OBJC_ARC = YES;
				CLANG_ENABLE_OBJC_WEAK = YES;
				CLANG_WARN_BLOCK_CAPTURE_AUTORELEASING = YES;
				CLANG_WARN_BOOL_CONVERSION = YES;
				CLANG_WARN_COMMA = YES;
				CLANG_WARN_CONSTANT_CONVERSION = YES;
				CLANG_WARN_DEPRECATED_OBJC_IMPLEMENTATIONS = YES;
				CLANG_WARN_DIRECT_OBJC_ISA_USAGE = YES_ERROR;
				CLANG_WARN_DOCUMENTATION_COMMENTS = YES;
				CLANG_WARN_EMPTY_BODY = YES;
				CLANG_WARN_ENUM_CONVERSION = YES;
				CLANG_WARN_INFINITE_RECURSION = YES;
				CLANG_WARN_INT_CONVERSION = YES;
				CLANG_WARN_NON_LITERAL_NULL_CONVERSION = YES;
				CLANG_WARN_OBJC_IMPLICIT_RETAIN_SELF = YES;
				CLANG_WARN_OBJC_LITERAL_CONVERSION = YES;
				CLANG_WARN_OBJC_ROOT_CLASS = YES_ERROR;
				CLANG_WARN_QUOTED_INCLUDE_IN_FRAMEWORK_HEADER = YES;
				CLANG_WARN_RANGE_LOOP_ANALYSIS = YES;
				CLANG_WARN_STRICT_PROTOTYPES = YES;
				CLANG_WARN_SUSPICIOUS_MOVE = YES;
				CLANG_WARN_UNGUARDED_AVAILABILITY = YES_AGGRESSIVE;
				CLANG_WARN_UNREACHABLE_CODE = YES;
				CLANG_WARN__DUPLICATE_METHOD_MATCH = YES;
				COPY_PHASE_STRIP = NO;
				DEBUG_INFORMATION_FORMAT = dwarf;
				ENABLE_STRICT_OBJC_MSGSEND = YES;
				ENABLE_TESTABILITY = YES;
				GCC_C_LANGUAGE_STANDARD = gnu11;
				GCC_DYNAMIC_NO_PIC = NO;
				GCC_NO_COMMON_BLOCKS = YES;
				GCC_OPTIMIZATION_LEVEL = 0;
				GCC_PREPROCESSOR_DEFINITIONS = (
					"$(inherited)",
					"DEBUG=1",
				);
				GCC_WARN_64_TO_32_BIT_CONVERSION = YES;
				GCC_WARN_ABOUT_RETURN_TYPE = YES_ERROR;
				GCC_WARN_UNDECLARED_SELECTOR = YES;
				GCC_WARN_UNINITIALIZED_AUTOS = YES_AGGRESSIVE;
				GCC_WARN_UNUSED_FUNCTION = YES;
				GCC_WARN_UNUSED_VARIABLE = YES;
				MACOSX_DEPLOYMENT_TARGET = 14.0;
				MTL_ENABLE_DEBUG_INFO = INCLUDE_SOURCE;
				MTL_FAST_MATH = YES;
				ONLY_ACTIVE_ARCH = YES;
				PRODUCT_NAME = "$(TARGET_NAME)";
				SDKROOT = macosx;
				SWIFT_ACTIVE_COMPILATION_CONDITIONS = DEBUG;
				SWIFT_OPTIMIZATION_LEVEL = "-Onone";
				SWIFT_VERSION = 5.0;
			};
			name = Debug;
		};
		CE66E74DA9230CE68A3896DC /* Release */ = {
			isa = XCBuildConfiguration;
			buildSettings = {
				ALWAYS_SEARCH_USER_PATHS = NO;
				CLANG_ANALYZER_NONNULL = YES;
				CLANG_ANALYZER_NUMBER_OBJECT_CONVERSION = YES_AGGRESSIVE;
				CLANG_CXX_LANGUAGE_STANDARD = "gnu++14";
				CLANG_CXX_LIBRARY = "libc++";
				CLANG_ENABLE_MODULES = YES;
				CLANG_ENABLE_OBJC_ARC = YES;
				CLANG_ENABLE_OBJC_WEAK = YES;
				CLANG_WARN_BLOCK_CAPTURE_AUTORELEASING = YES;
				CLANG_WARN_BOOL_CONVERSION = YES;
				CLANG_WARN_COMMA = YES;
				CLANG_WARN_CONSTANT_CONVERSION = YES;
				CLANG_WARN_DEPRECATED_OBJC_IMPLEMENTATIONS = YES;
				CLANG_WARN_DIRECT_OBJC_ISA_USAGE = YES_ERROR;
				CLANG_WARN_DOCUMENTATION_COMMENTS = YES;
				CLANG_WARN_EMPTY_BODY = YES;
				CLANG_WARN_ENUM_CONVERSION = YES;
				CLANG_WARN_INFINITE_RECURSION = YES;
				CLANG_WARN_INT_CONVERSION = YES;
				CLANG_WARN_NON_LITERAL_NULL_CONVERSION = YES;
				CLANG_WARN_OBJC_IMPLICIT_RETAIN_SELF = YES;
				CLANG_WARN_OBJC_LITERAL_CONVERSION = YES;
				CLANG_WARN_OBJC_ROOT_CLASS = YES_ERROR;
				CLANG_WARN_QUOTED_INCLUDE_IN_FRAMEWORK_HEADER = YES;
				CLANG_WARN_RANGE_LOOP_ANALYSIS = YES;
				CLANG_WARN_STRICT_PROTOTYPES = YES;
				CLANG_WARN_SUSPICIOUS_MOVE = YES;
				CLANG_WARN_UNGUARDED_AVAILABILITY = YES_AGGRESSIVE;
				CLANG_WARN_UNREACHABLE_CODE = YES;
				CLANG_WARN__DUPLICATE_METHOD_MATCH = YES;
				COPY_PHASE_STRIP = NO;
				DEBUG_INFORMATION_FORMAT = "dwarf-with-dsym";
				ENABLE_NS_ASSERTIONS = NO;
				ENABLE_STRICT_OBJC_MSGSEND = YES;
				GCC_C_LANGUAGE_STANDARD = gnu11;
				GCC_NO_COMMON_BLOCKS = YES;
				GCC_WARN_64_TO_32_BIT_CONVERSION = YES;
				GCC_WARN_ABOUT_RETURN_TYPE = YES_ERROR;
				GCC_WARN_UNDECLARED_SELECTOR = YES;
				GCC_WARN_UNINITIALIZED_AUTOS = YES_AGGRESSIVE;
				GCC_WARN_UNUSED_FUNCTION = YES;
				GCC_WARN_UNUSED_VARIABLE = YES;
				MACOSX_DEPLOYMENT_TARGET = 14.0;
				MTL_ENABLE_DEBUG_INFO = NO;
				MTL_FAST_MATH = YES;
				PRODUCT_NAME = "$(TARGET_NAME)";
				SDKROOT = macosx;
				SWIFT_COMPILATION_MODE = wholemodule;
				SWIFT_OPTIMIZATION_LEVEL = "-O";
				SWIFT_VERSION = 5.0;
			};
			name = Release;
		};
		EC7107047D5CA3753849F287 /* Debug */ = {
			isa = XCBuildConfiguration;
			buildSettings = {
				ASSETCATALOG_COMPILER_APPICON_NAME = AppIcon;
				CODE_SIGN_ENTITLEMENTS = WaiComputer/WaiComputer.entitlements;
				CODE_SIGN_STYLE = Automatic;
				COMBINE_HIDPI_IMAGES = YES;
				CURRENT_PROJECT_VERSION = 1;
				INFOPLIST_FILE = WaiComputer/Info.plist;
				LD_RUNPATH_SEARCH_PATHS = (
					"$(inherited)",
					"@executable_path/../Frameworks",
				);
				MACOSX_DEPLOYMENT_TARGET = 14.0;
				MARKETING_VERSION = 1.0.0;
				PRODUCT_BUNDLE_IDENTIFIER = com.waiwai.waicomputer.macos;
				SDKROOT = macosx;
				SWIFT_VERSION = 5.9;
			};
			name = Debug;
		};
/* End XCBuildConfiguration section */

/* Begin XCConfigurationList section */
		1CBEA9D2537AC659AE2915E5 /* Build configuration list for PBXNativeTarget "WaiComputer" */ = {
			isa = XCConfigurationList;
			buildConfigurations = (
				EC7107047D5CA3753849F287 /* Debug */,
				1F509874943B7BFAB01A2F76 /* Release */,
			);
			defaultConfigurationIsVisible = 0;
			defaultConfigurationName = Debug;
		};
		AEC4AF6123C4DE93EA71D765 /* Build configuration list for PBXProject "WaiComputer" */ = {
			isa = XCConfigurationList;
			buildConfigurations = (
				502BB6D65057F8ED873234D1 /* Debug */,
				CE66E74DA9230CE68A3896DC /* Release */,
			);
			defaultConfigurationIsVisible = 0;
			defaultConfigurationName = Debug;
		};
/* End XCConfigurationList section */

/* Begin XCLocalSwiftPackageReference section */
		F24DCE6CD1968587328A2788 /* XCLocalSwiftPackageReference "../../shared/WaiComputerKit" */ = {
			isa = XCLocalSwiftPackageReference;
			relativePath = ../../shared/WaiComputerKit;
		};
/* End XCLocalSwiftPackageReference section */

/* Begin XCSwiftPackageProductDependency section */
		C9FED7AFDFB3BD38C93665B6 /* WaiComputerKit */ = {
			isa = XCSwiftPackageProductDependency;
			productName = WaiComputerKit;
		};
/* End XCSwiftPackageProductDependency section */
	};
	rootObject = 658E3EA6F491B911F68B7FA8 /* Project object */;
}
