// !$*UTF8*$!
{
	archiveVersion = 1;
	classes = {
	};
	objectVersion = 77;
	objects = {

/* Begin PBXBuildFile section */
		09E0081D8C6ABEF3930BBFE7 /* MenuBarView.swift in Sources */ = {isa = PBXBuildFile; fileRef = BC6A02AFDEC781CCCA1D7BE5 /* MenuBarView.swift */; };
		10C8D6DC7155864ED05CC2F7 /* TextInserter.swift in Sources */ = {isa = PBXBuildFile; fileRef = 1CD5661F4E178938FEC0546B /* TextInserter.swift */; };
		1C75963F225AEAFFA0FEA8B9 /* RecordingFlowUITests.swift in Sources */ = {isa = PBXBuildFile; fileRef = CC068F2F69F4C77820F63077 /* RecordingFlowUITests.swift */; };
		1D731BE7B7C9F78F0804A071 /* NewRecordingView.swift in Sources */ = {isa = PBXBuildFile; fileRef = 4DA739D7E8BA8165E99E209E /* NewRecordingView.swift */; };
		20A1E752E5B1EFC9C6A883C5 /* LibraryUITests.swift in Sources */ = {isa = PBXBuildFile; fileRef = BB64B41CEC7D9E9556A96D6A /* LibraryUITests.swift */; };
		23A62FA868B3F0805624D42D /* MacSearchView.swift in Sources */ = {isa = PBXBuildFile; fileRef = CFFA0BF89667E34812C324EE /* MacSearchView.swift */; };
		2E9A40EB786CAC59E78E38FE /* OnboardingSlide.swift in Sources */ = {isa = PBXBuildFile; fileRef = 2AF2EE93F2E5D30499791547 /* OnboardingSlide.swift */; };
		3607D9E2309923AE1DB2DAC3 /* MacRecordingDetailView.swift in Sources */ = {isa = PBXBuildFile; fileRef = EB737FB32C4B8A349228D13A /* MacRecordingDetailView.swift */; };
		38BE9D59B4EF1F052150EB07 /* SettingsUITests.swift in Sources */ = {isa = PBXBuildFile; fileRef = 78333C306860DAE74E4A15ED /* SettingsUITests.swift */; };
		39B6AFD92F1B24B697A1421A /* MacTranscriptView.swift in Sources */ = {isa = PBXBuildFile; fileRef = 04D704A4D750E2908CF2CC29 /* MacTranscriptView.swift */; };
		402B62A24411C420860ADA4C /* DictationHistoryView.swift in Sources */ = {isa = PBXBuildFile; fileRef = 488CB5C1BE67B78682CB7A56 /* DictationHistoryView.swift */; };
		40A793A79EEC62B070C94D14 /* OnboardingPermissionUITests.swift in Sources */ = {isa = PBXBuildFile; fileRef = AFE9A72955E293344F247755 /* OnboardingPermissionUITests.swift */; };
		40D636ACD7DBF3B1E43AFDDF /* SearchUITests.swift in Sources */ = {isa = PBXBuildFile; fileRef = 5D10DC5C7F3722F7A5C55A85 /* SearchUITests.swift */; };
		4F89861E4B946D385133A083 /* DictationHistoryStore.swift in Sources */ = {isa = PBXBuildFile; fileRef = C25C1FF960D1804EA22B5C52 /* DictationHistoryStore.swift */; };
		50CE1068AA3E7BB6C6840E04 /* NavigationUITests.swift in Sources */ = {isa = PBXBuildFile; fileRef = 8D7F2E11C0E5B4FFA0AA9565 /* NavigationUITests.swift */; };
		54BC0EC9AFBD4ABF4508B2EE /* PermissionBanner.swift in Sources */ = {isa = PBXBuildFile; fileRef = 892016B85F211CF47E7123AD /* PermissionBanner.swift */; };
		58479A746B79F201EF103EDD /* DictationDictionaryView.swift in Sources */ = {isa = PBXBuildFile; fileRef = 14D794F9CA063770D73BFDA0 /* DictationDictionaryView.swift */; };
		5B143E6F328121C14AD4279D /* DictationOverlayPanel.swift in Sources */ = {isa = PBXBuildFile; fileRef = 5B7C4F1DE76ED0C034585D63 /* DictationOverlayPanel.swift */; };
		5B51DD32BDC3F7044E0000C3 /* RecordingDetailUITests.swift in Sources */ = {isa = PBXBuildFile; fileRef = 35452E05844016577A0D2407 /* RecordingDetailUITests.swift */; };
		64DF281EE4ECC67983301713 /* MacSettingsView.swift in Sources */ = {isa = PBXBuildFile; fileRef = 371DF485826E3255C64AE94E /* MacSettingsView.swift */; };
		6792148BC35E4BB7E51EA8FA /* RecordingListView.swift in Sources */ = {isa = PBXBuildFile; fileRef = 0064C871D48ABC6CC0BBF0A5 /* RecordingListView.swift */; };
		6FF6B6B196BCAEBEC1B59422 /* MacRecordingViewModel.swift in Sources */ = {isa = PBXBuildFile; fileRef = 518C32DB1D70912467AA72E7 /* MacRecordingViewModel.swift */; };
		72C79DC6A2D4A66CD6FA3C71 /* MacTestingSupport.swift in Sources */ = {isa = PBXBuildFile; fileRef = 96DC086CE82D49061ABEF2D5 /* MacTestingSupport.swift */; };
		7424E4CD48329A14F18220DD /* LiveRecordingView.swift in Sources */ = {isa = PBXBuildFile; fileRef = B8399D6F915E5035FE4E9FF9 /* LiveRecordingView.swift */; };
		7EED2D3EEFE48FEA61943B30 /* AuthFlowUITests.swift in Sources */ = {isa = PBXBuildFile; fileRef = CB50EADB74B2BD25B63684EC /* AuthFlowUITests.swift */; };
		86DA29AAEC52511D6C3E1C19 /* MacAppsView.swift in Sources */ = {isa = PBXBuildFile; fileRef = 168A7A158D6F41055426BDA7 /* MacAppsView.swift */; };
		87A9F2D9550D2C526F5CB612 /* Sparkle in Frameworks */ = {isa = PBXBuildFile; productRef = 5D41ED19D94A2EFAE4A075E3 /* Sparkle */; };
		8CA484F780B151F82D9158A0 /* DictationManager.swift in Sources */ = {isa = PBXBuildFile; fileRef = 82B38A7D732BE7D6149F7628 /* DictationManager.swift */; };
		93E90ED1B0BCD84C9D73C6B8 /* Assets.xcassets in Resources */ = {isa = PBXBuildFile; fileRef = C4E1968EF5728AB79EEFCA9A /* Assets.xcassets */; };
		9E5ABE0A28110DD379FAE1A3 /* DictationOverlayView.swift in Sources */ = {isa = PBXBuildFile; fileRef = 22FAEE7103A8C19E710FC4C5 /* DictationOverlayView.swift */; };
		AA0F8A4C9DEC9D4DB70386D3 /* OnboardingView.swift in Sources */ = {isa = PBXBuildFile; fileRef = D183587D3BCFF00FBA97D1FB /* OnboardingView.swift */; };
		B63DF78A8686D2FAA022F61E /* DesignSystem.swift in Sources */ = {isa = PBXBuildFile; fileRef = 6B942628494C336C81E68294 /* DesignSystem.swift */; };
		BBB9C76ABEF5303EB936B27D /* OnboardingPage.swift in Sources */ = {isa = PBXBuildFile; fileRef = 5F98C4F59D6757A4944D849A /* OnboardingPage.swift */; };
		D36520D8F2DF4086C22401F1 /* ImportUITests.swift in Sources */ = {isa = PBXBuildFile; fileRef = 3471FD7708241841E87F76FF /* ImportUITests.swift */; };
		D78FA661D9BEF4977F0DA1F7 /* GlobalHotkeyManager.swift in Sources */ = {isa = PBXBuildFile; fileRef = 51C25607A3B93A178C620600 /* GlobalHotkeyManager.swift */; };
		E0698FB34455EE8EF0445DE4 /* WaiSayKit in Frameworks */ = {isa = PBXBuildFile; productRef = 47789AB5C115E562AAAC3ED9 /* WaiSayKit */; };
		E0E7ADA85977D50D826640DF /* MacImportViewModel.swift in Sources */ = {isa = PBXBuildFile; fileRef = 82B97ECD44C298955F6CA9FC /* MacImportViewModel.swift */; };
		E28A8CD2260F3AF3687E7D3A /* d621520a-ad63-4cc2-8ad2-9dfffc5b3bdb.png in Resources */ = {isa = PBXBuildFile; fileRef = 5EF6F14238C910E75652372C /* d621520a-ad63-4cc2-8ad2-9dfffc5b3bdb.png */; };
		E4173E0090EBFDA66E55EF91 /* MacLibraryViewModel.swift in Sources */ = {isa = PBXBuildFile; fileRef = 931DEDE1F4D3BBE785BCD66A /* MacLibraryViewModel.swift */; };
		E58120139DE5C24EC073C08F /* icon.json in Resources */ = {isa = PBXBuildFile; fileRef = CBA1F7C1D0531C729A2D6937 /* icon.json */; };
		E668861F4A0CF3BC7D1C4355 /* WaiSayMacApp.swift in Sources */ = {isa = PBXBuildFile; fileRef = F629CE4D1C03722172892950 /* WaiSayMacApp.swift */; };
		EBE705A07D4E3B7658F01A8D /* DictationDictionaryStore.swift in Sources */ = {isa = PBXBuildFile; fileRef = DB06F8766DDED8591E1D7851 /* DictationDictionaryStore.swift */; };
		F6FEEE103FC6B5BB8CE6FDFC /* MacContentView.swift in Sources */ = {isa = PBXBuildFile; fileRef = 9557FBC052F94C3A1DD8399B /* MacContentView.swift */; };
/* End PBXBuildFile section */

/* Begin PBXContainerItemProxy section */
		E1A03935329223C5201FA7E5 /* PBXContainerItemProxy */ = {
			isa = PBXContainerItemProxy;
			containerPortal = 425E2D74FA7EAEE6409DE52D /* Project object */;
			proxyType = 1;
			remoteGlobalIDString = EA526461FF2878ADBFF48815;
			remoteInfo = WaiSay;
		};
/* End PBXContainerItemProxy section */

/* Begin PBXFileReference section */
		0064C871D48ABC6CC0BBF0A5 /* RecordingListView.swift */ = {isa = PBXFileReference; lastKnownFileType = sourcecode.swift; path = RecordingListView.swift; sourceTree = "<group>"; };
		04D704A4D750E2908CF2CC29 /* MacTranscriptView.swift */ = {isa = PBXFileReference; lastKnownFileType = sourcecode.swift; path = MacTranscriptView.swift; sourceTree = "<group>"; };
		14D794F9CA063770D73BFDA0 /* DictationDictionaryView.swift */ = {isa = PBXFileReference; lastKnownFileType = sourcecode.swift; path = DictationDictionaryView.swift; sourceTree = "<group>"; };
		168A7A158D6F41055426BDA7 /* MacAppsView.swift */ = {isa = PBXFileReference; lastKnownFileType = sourcecode.swift; path = MacAppsView.swift; sourceTree = "<group>"; };
		1CD5661F4E178938FEC0546B /* TextInserter.swift */ = {isa = PBXFileReference; lastKnownFileType = sourcecode.swift; path = TextInserter.swift; sourceTree = "<group>"; };
		22FAEE7103A8C19E710FC4C5 /* DictationOverlayView.swift */ = {isa = PBXFileReference; lastKnownFileType = sourcecode.swift; path = DictationOverlayView.swift; sourceTree = "<group>"; };
		2AF2EE93F2E5D30499791547 /* OnboardingSlide.swift */ = {isa = PBXFileReference; lastKnownFileType = sourcecode.swift; path = OnboardingSlide.swift; sourceTree = "<group>"; };
		3471FD7708241841E87F76FF /* ImportUITests.swift */ = {isa = PBXFileReference; lastKnownFileType = sourcecode.swift; path = ImportUITests.swift; sourceTree = "<group>"; };
		35452E05844016577A0D2407 /* RecordingDetailUITests.swift */ = {isa = PBXFileReference; lastKnownFileType = sourcecode.swift; path = RecordingDetailUITests.swift; sourceTree = "<group>"; };
		371DF485826E3255C64AE94E /* MacSettingsView.swift */ = {isa = PBXFileReference; lastKnownFileType = sourcecode.swift; path = MacSettingsView.swift; sourceTree = "<group>"; };
		488CB5C1BE67B78682CB7A56 /* DictationHistoryView.swift */ = {isa = PBXFileReference; lastKnownFileType = sourcecode.swift; path = DictationHistoryView.swift; sourceTree = "<group>"; };
		4DA739D7E8BA8165E99E209E /* NewRecordingView.swift */ = {isa = PBXFileReference; lastKnownFileType = sourcecode.swift; path = NewRecordingView.swift; sourceTree = "<group>"; };
		518C32DB1D70912467AA72E7 /* MacRecordingViewModel.swift */ = {isa = PBXFileReference; lastKnownFileType = sourcecode.swift; path = MacRecordingViewModel.swift; sourceTree = "<group>"; };
		51C25607A3B93A178C620600 /* GlobalHotkeyManager.swift */ = {isa = PBXFileReference; lastKnownFileType = sourcecode.swift; path = GlobalHotkeyManager.swift; sourceTree = "<group>"; };
		5B7C4F1DE76ED0C034585D63 /* DictationOverlayPanel.swift */ = {isa = PBXFileReference; lastKnownFileType = sourcecode.swift; path = DictationOverlayPanel.swift; sourceTree = "<group>"; };
		5D10DC5C7F3722F7A5C55A85 /* SearchUITests.swift */ = {isa = PBXFileReference; lastKnownFileType = sourcecode.swift; path = SearchUITests.swift; sourceTree = "<group>"; };
		5EF6F14238C910E75652372C /* d621520a-ad63-4cc2-8ad2-9dfffc5b3bdb.png */ = {isa = PBXFileReference; lastKnownFileType = image.png; path = "d621520a-ad63-4cc2-8ad2-9dfffc5b3bdb.png"; sourceTree = "<group>"; };
		5F98C4F59D6757A4944D849A /* OnboardingPage.swift */ = {isa = PBXFileReference; lastKnownFileType = sourcecode.swift; path = OnboardingPage.swift; sourceTree = "<group>"; };
		6B942628494C336C81E68294 /* DesignSystem.swift */ = {isa = PBXFileReference; lastKnownFileType = sourcecode.swift; path = DesignSystem.swift; sourceTree = "<group>"; };
		78333C306860DAE74E4A15ED /* SettingsUITests.swift */ = {isa = PBXFileReference; lastKnownFileType = sourcecode.swift; path = SettingsUITests.swift; sourceTree = "<group>"; };
		82B38A7D732BE7D6149F7628 /* DictationManager.swift */ = {isa = PBXFileReference; lastKnownFileType = sourcecode.swift; path = DictationManager.swift; sourceTree = "<group>"; };
		82B97ECD44C298955F6CA9FC /* MacImportViewModel.swift */ = {isa = PBXFileReference; lastKnownFileType = sourcecode.swift; path = MacImportViewModel.swift; sourceTree = "<group>"; };
		873FA8856748FF79B46C4D06 /* WaiSayUITests.xctest */ = {isa = PBXFileReference; explicitFileType = wrapper.cfbundle; includeInIndex = 0; path = WaiSayUITests.xctest; sourceTree = BUILT_PRODUCTS_DIR; };
		892016B85F211CF47E7123AD /* PermissionBanner.swift */ = {isa = PBXFileReference; lastKnownFileType = sourcecode.swift; path = PermissionBanner.swift; sourceTree = "<group>"; };
		8D7F2E11C0E5B4FFA0AA9565 /* NavigationUITests.swift */ = {isa = PBXFileReference; lastKnownFileType = sourcecode.swift; path = NavigationUITests.swift; sourceTree = "<group>"; };
		931DEDE1F4D3BBE785BCD66A /* MacLibraryViewModel.swift */ = {isa = PBXFileReference; lastKnownFileType = sourcecode.swift; path = MacLibraryViewModel.swift; sourceTree = "<group>"; };
		9557FBC052F94C3A1DD8399B /* MacContentView.swift */ = {isa = PBXFileReference; lastKnownFileType = sourcecode.swift; path = MacContentView.swift; sourceTree = "<group>"; };
		96DC086CE82D49061ABEF2D5 /* MacTestingSupport.swift */ = {isa = PBXFileReference; lastKnownFileType = sourcecode.swift; path = MacTestingSupport.swift; sourceTree = "<group>"; };
		AFE9A72955E293344F247755 /* OnboardingPermissionUITests.swift */ = {isa = PBXFileReference; lastKnownFileType = sourcecode.swift; path = OnboardingPermissionUITests.swift; sourceTree = "<group>"; };
		B8399D6F915E5035FE4E9FF9 /* LiveRecordingView.swift */ = {isa = PBXFileReference; lastKnownFileType = sourcecode.swift; path = LiveRecordingView.swift; sourceTree = "<group>"; };
		B89CA571AA631FC56333F5A3 /* WaiSay.app */ = {isa = PBXFileReference; explicitFileType = wrapper.application; includeInIndex = 0; path = WaiSay.app; sourceTree = BUILT_PRODUCTS_DIR; };
		BB64B41CEC7D9E9556A96D6A /* LibraryUITests.swift */ = {isa = PBXFileReference; lastKnownFileType = sourcecode.swift; path = LibraryUITests.swift; sourceTree = "<group>"; };
		BC6A02AFDEC781CCCA1D7BE5 /* MenuBarView.swift */ = {isa = PBXFileReference; lastKnownFileType = sourcecode.swift; path = MenuBarView.swift; sourceTree = "<group>"; };
		C25C1FF960D1804EA22B5C52 /* DictationHistoryStore.swift */ = {isa = PBXFileReference; lastKnownFileType = sourcecode.swift; path = DictationHistoryStore.swift; sourceTree = "<group>"; };
		C4E1968EF5728AB79EEFCA9A /* Assets.xcassets */ = {isa = PBXFileReference; lastKnownFileType = folder.assetcatalog; path = Assets.xcassets; sourceTree = "<group>"; };
		CB50EADB74B2BD25B63684EC /* AuthFlowUITests.swift */ = {isa = PBXFileReference; lastKnownFileType = sourcecode.swift; path = AuthFlowUITests.swift; sourceTree = "<group>"; };
		CBA1F7C1D0531C729A2D6937 /* icon.json */ = {isa = PBXFileReference; lastKnownFileType = text.json; path = icon.json; sourceTree = "<group>"; };
		CC068F2F69F4C77820F63077 /* RecordingFlowUITests.swift */ = {isa = PBXFileReference; lastKnownFileType = sourcecode.swift; path = RecordingFlowUITests.swift; sourceTree = "<group>"; };
		CFFA0BF89667E34812C324EE /* MacSearchView.swift */ = {isa = PBXFileReference; lastKnownFileType = sourcecode.swift; path = MacSearchView.swift; sourceTree = "<group>"; };
		D183587D3BCFF00FBA97D1FB /* OnboardingView.swift */ = {isa = PBXFileReference; lastKnownFileType = sourcecode.swift; path = OnboardingView.swift; sourceTree = "<group>"; };
		DB06F8766DDED8591E1D7851 /* DictationDictionaryStore.swift */ = {isa = PBXFileReference; lastKnownFileType = sourcecode.swift; path = DictationDictionaryStore.swift; sourceTree = "<group>"; };
		EB737FB32C4B8A349228D13A /* MacRecordingDetailView.swift */ = {isa = PBXFileReference; lastKnownFileType = sourcecode.swift; path = MacRecordingDetailView.swift; sourceTree = "<group>"; };
		F242C93A67977A0B3B19594D /* WaiSayKit */ = {isa = PBXFileReference; lastKnownFileType = folder; name = WaiSayKit; path = ../../shared/WaiSayKit; sourceTree = SOURCE_ROOT; };
		F629CE4D1C03722172892950 /* WaiSayMacApp.swift */ = {isa = PBXFileReference; lastKnownFileType = sourcecode.swift; path = WaiSayMacApp.swift; sourceTree = "<group>"; };
/* End PBXFileReference section */

/* Begin PBXFrameworksBuildPhase section */
		A4351CFA450AB7E9C10A7C22 /* Frameworks */ = {
			isa = PBXFrameworksBuildPhase;
			buildActionMask = 2147483647;
			files = (
				E0698FB34455EE8EF0445DE4 /* WaiSayKit in Frameworks */,
				87A9F2D9550D2C526F5CB612 /* Sparkle in Frameworks */,
			);
			runOnlyForDeploymentPostprocessing = 0;
		};
/* End PBXFrameworksBuildPhase section */

/* Begin PBXGroup section */
		142EE494C8D1CA98F8085853 /* Packages */ = {
			isa = PBXGroup;
			children = (
				F242C93A67977A0B3B19594D /* WaiSayKit */,
			);
			name = Packages;
			sourceTree = "<group>";
		};
		1E39221444F7E22C77E55FD0 /* Settings */ = {
			isa = PBXGroup;
			children = (
				371DF485826E3255C64AE94E /* MacSettingsView.swift */,
			);
			path = Settings;
			sourceTree = "<group>";
		};
		24599AFC999FAE4F31B9C5A8 /* App */ = {
			isa = PBXGroup;
			children = (
				9557FBC052F94C3A1DD8399B /* MacContentView.swift */,
				96DC086CE82D49061ABEF2D5 /* MacTestingSupport.swift */,
				BC6A02AFDEC781CCCA1D7BE5 /* MenuBarView.swift */,
				892016B85F211CF47E7123AD /* PermissionBanner.swift */,
				F629CE4D1C03722172892950 /* WaiSayMacApp.swift */,
				656F29C83E3C7445D37D122E /* Onboarding */,
			);
			path = App;
			sourceTree = "<group>";
		};
		34DA8C57DCEA8DBE50D8EEAA /* AppIcon.icon */ = {
			isa = PBXGroup;
			children = (
				CBA1F7C1D0531C729A2D6937 /* icon.json */,
				C1E20C4DC553B825B682BA40 /* Assets */,
			);
			path = AppIcon.icon;
			sourceTree = "<group>";
		};
		5694C61FC76558C5A80323A4 = {
			isa = PBXGroup;
			children = (
				142EE494C8D1CA98F8085853 /* Packages */,
				5F17057791CFEF9A3FEBB1D0 /* WaiSay */,
				C61584C487679EE4B8513610 /* WaiSayUITests */,
				F24D183C2F2E54FC3783D305 /* Products */,
			);
			sourceTree = "<group>";
		};
		5BBFFDC895C72582807F8A16 /* Core */ = {
			isa = PBXGroup;
			children = (
				6B942628494C336C81E68294 /* DesignSystem.swift */,
			);
			path = Core;
			sourceTree = "<group>";
		};
		5F17057791CFEF9A3FEBB1D0 /* WaiSay */ = {
			isa = PBXGroup;
			children = (
				C4E1968EF5728AB79EEFCA9A /* Assets.xcassets */,
				24599AFC999FAE4F31B9C5A8 /* App */,
				34DA8C57DCEA8DBE50D8EEAA /* AppIcon.icon */,
				5BBFFDC895C72582807F8A16 /* Core */,
				9721494A4FD3A8D141ADA181 /* Features */,
				E6F301DD7D5244473D891435 /* Resources */,
			);
			path = WaiSay;
			sourceTree = "<group>";
		};
		656F29C83E3C7445D37D122E /* Onboarding */ = {
			isa = PBXGroup;
			children = (
				5F98C4F59D6757A4944D849A /* OnboardingPage.swift */,
				2AF2EE93F2E5D30499791547 /* OnboardingSlide.swift */,
				D183587D3BCFF00FBA97D1FB /* OnboardingView.swift */,
			);
			path = Onboarding;
			sourceTree = "<group>";
		};
		8945586CBA2C378AF5526728 /* Dictation */ = {
			isa = PBXGroup;
			children = (
				DB06F8766DDED8591E1D7851 /* DictationDictionaryStore.swift */,
				14D794F9CA063770D73BFDA0 /* DictationDictionaryView.swift */,
				C25C1FF960D1804EA22B5C52 /* DictationHistoryStore.swift */,
				488CB5C1BE67B78682CB7A56 /* DictationHistoryView.swift */,
				82B38A7D732BE7D6149F7628 /* DictationManager.swift */,
				5B7C4F1DE76ED0C034585D63 /* DictationOverlayPanel.swift */,
				22FAEE7103A8C19E710FC4C5 /* DictationOverlayView.swift */,
				51C25607A3B93A178C620600 /* GlobalHotkeyManager.swift */,
				1CD5661F4E178938FEC0546B /* TextInserter.swift */,
			);
			path = Dictation;
			sourceTree = "<group>";
		};
		8A844F414214549C1A9C487F /* Apps */ = {
			isa = PBXGroup;
			children = (
				168A7A158D6F41055426BDA7 /* MacAppsView.swift */,
			);
			path = Apps;
			sourceTree = "<group>";
		};
		9721494A4FD3A8D141ADA181 /* Features */ = {
			isa = PBXGroup;
			children = (
				8A844F414214549C1A9C487F /* Apps */,
				8945586CBA2C378AF5526728 /* Dictation */,
				F59E678A8645F60A7B519FA1 /* Library */,
				C041F106D292E5B99AD8FE25 /* Recording */,
				FBDD13779AC5B85790A8BD3D /* Search */,
				1E39221444F7E22C77E55FD0 /* Settings */,
			);
			path = Features;
			sourceTree = "<group>";
		};
		C041F106D292E5B99AD8FE25 /* Recording */ = {
			isa = PBXGroup;
			children = (
				B8399D6F915E5035FE4E9FF9 /* LiveRecordingView.swift */,
				82B97ECD44C298955F6CA9FC /* MacImportViewModel.swift */,
				518C32DB1D70912467AA72E7 /* MacRecordingViewModel.swift */,
				4DA739D7E8BA8165E99E209E /* NewRecordingView.swift */,
			);
			path = Recording;
			sourceTree = "<group>";
		};
		C1E20C4DC553B825B682BA40 /* Assets */ = {
			isa = PBXGroup;
			children = (
				5EF6F14238C910E75652372C /* d621520a-ad63-4cc2-8ad2-9dfffc5b3bdb.png */,
			);
			path = Assets;
			sourceTree = "<group>";
		};
		C61584C487679EE4B8513610 /* WaiSayUITests */ = {
			isa = PBXGroup;
			children = (
				CB50EADB74B2BD25B63684EC /* AuthFlowUITests.swift */,
				3471FD7708241841E87F76FF /* ImportUITests.swift */,
				BB64B41CEC7D9E9556A96D6A /* LibraryUITests.swift */,
				8D7F2E11C0E5B4FFA0AA9565 /* NavigationUITests.swift */,
				AFE9A72955E293344F247755 /* OnboardingPermissionUITests.swift */,
				35452E05844016577A0D2407 /* RecordingDetailUITests.swift */,
				CC068F2F69F4C77820F63077 /* RecordingFlowUITests.swift */,
				5D10DC5C7F3722F7A5C55A85 /* SearchUITests.swift */,
				78333C306860DAE74E4A15ED /* SettingsUITests.swift */,
			);
			path = WaiSayUITests;
			sourceTree = "<group>";
		};
		E6F301DD7D5244473D891435 /* Resources */ = {
			isa = PBXGroup;
			children = (
			);
			path = Resources;
			sourceTree = "<group>";
		};
		F24D183C2F2E54FC3783D305 /* Products */ = {
			isa = PBXGroup;
			children = (
				B89CA571AA631FC56333F5A3 /* WaiSay.app */,
				873FA8856748FF79B46C4D06 /* WaiSayUITests.xctest */,
			);
			name = Products;
			sourceTree = "<group>";
		};
		F59E678A8645F60A7B519FA1 /* Library */ = {
			isa = PBXGroup;
			children = (
				931DEDE1F4D3BBE785BCD66A /* MacLibraryViewModel.swift */,
				EB737FB32C4B8A349228D13A /* MacRecordingDetailView.swift */,
				04D704A4D750E2908CF2CC29 /* MacTranscriptView.swift */,
				0064C871D48ABC6CC0BBF0A5 /* RecordingListView.swift */,
			);
			path = Library;
			sourceTree = "<group>";
		};
		FBDD13779AC5B85790A8BD3D /* Search */ = {
			isa = PBXGroup;
			children = (
				CFFA0BF89667E34812C324EE /* MacSearchView.swift */,
			);
			path = Search;
			sourceTree = "<group>";
		};
/* End PBXGroup section */

/* Begin PBXNativeTarget section */
		0D11BAB1AE671C4E9AB7254A /* WaiSayUITests */ = {
			isa = PBXNativeTarget;
			buildConfigurationList = 840D909F709030576857BAA0 /* Build configuration list for PBXNativeTarget "WaiSayUITests" */;
			buildPhases = (
				19B764E9CE3490F6C45909DC /* Sources */,
			);
			buildRules = (
			);
			dependencies = (
				A3C9452D3F810FB2325983CE /* PBXTargetDependency */,
			);
			name = WaiSayUITests;
			packageProductDependencies = (
			);
			productName = WaiSayUITests;
			productReference = 873FA8856748FF79B46C4D06 /* WaiSayUITests.xctest */;
			productType = "com.apple.product-type.bundle.ui-testing";
		};
		EA526461FF2878ADBFF48815 /* WaiSay */ = {
			isa = PBXNativeTarget;
			buildConfigurationList = 15DCBA302161908FE364875F /* Build configuration list for PBXNativeTarget "WaiSay" */;
			buildPhases = (
				D119419912C3002408C5506C /* Sources */,
				394A3E7E3469A2EB7295CE94 /* Resources */,
				A4351CFA450AB7E9C10A7C22 /* Frameworks */,
			);
			buildRules = (
			);
			dependencies = (
			);
			name = WaiSay;
			packageProductDependencies = (
				47789AB5C115E562AAAC3ED9 /* WaiSayKit */,
				5D41ED19D94A2EFAE4A075E3 /* Sparkle */,
			);
			productName = WaiSay;
			productReference = B89CA571AA631FC56333F5A3 /* WaiSay.app */;
			productType = "com.apple.product-type.application";
		};
/* End PBXNativeTarget section */

/* Begin PBXProject section */
		425E2D74FA7EAEE6409DE52D /* Project object */ = {
			isa = PBXProject;
			attributes = {
				BuildIndependentTargetsInParallel = YES;
				LastUpgradeCheck = 1600;
				TargetAttributes = {
					0D11BAB1AE671C4E9AB7254A = {
						DevelopmentTeam = R4A779QVVY;
						TestTargetID = EA526461FF2878ADBFF48815;
					};
					EA526461FF2878ADBFF48815 = {
						DevelopmentTeam = R4A779QVVY;
						ProvisioningStyle = Automatic;
					};
				};
			};
			buildConfigurationList = 203F1C926FB83298AC98F526 /* Build configuration list for PBXProject "WaiSay" */;
			compatibilityVersion = "Xcode 14.0";
			developmentRegion = en;
			hasScannedForEncodings = 0;
			knownRegions = (
				Base,
				en,
			);
			mainGroup = 5694C61FC76558C5A80323A4;
			minimizedProjectReferenceProxies = 1;
			packageReferences = (
				928DD30D83A6344482107D75 /* XCRemoteSwiftPackageReference "Sparkle" */,
				2AACB7D64C60A3E8B30C880E /* XCLocalSwiftPackageReference "../../shared/WaiSayKit" */,
			);
			preferredProjectObjectVersion = 77;
			projectDirPath = "";
			projectRoot = "";
			targets = (
				EA526461FF2878ADBFF48815 /* WaiSay */,
				0D11BAB1AE671C4E9AB7254A /* WaiSayUITests */,
			);
		};
/* End PBXProject section */

/* Begin PBXResourcesBuildPhase section */
		394A3E7E3469A2EB7295CE94 /* Resources */ = {
			isa = PBXResourcesBuildPhase;
			buildActionMask = 2147483647;
			files = (
				93E90ED1B0BCD84C9D73C6B8 /* Assets.xcassets in Resources */,
				E28A8CD2260F3AF3687E7D3A /* d621520a-ad63-4cc2-8ad2-9dfffc5b3bdb.png in Resources */,
				E58120139DE5C24EC073C08F /* icon.json in Resources */,
			);
			runOnlyForDeploymentPostprocessing = 0;
		};
/* End PBXResourcesBuildPhase section */

/* Begin PBXSourcesBuildPhase section */
		19B764E9CE3490F6C45909DC /* Sources */ = {
			isa = PBXSourcesBuildPhase;
			buildActionMask = 2147483647;
			files = (
				7EED2D3EEFE48FEA61943B30 /* AuthFlowUITests.swift in Sources */,
				D36520D8F2DF4086C22401F1 /* ImportUITests.swift in Sources */,
				20A1E752E5B1EFC9C6A883C5 /* LibraryUITests.swift in Sources */,
				50CE1068AA3E7BB6C6840E04 /* NavigationUITests.swift in Sources */,
				40A793A79EEC62B070C94D14 /* OnboardingPermissionUITests.swift in Sources */,
				5B51DD32BDC3F7044E0000C3 /* RecordingDetailUITests.swift in Sources */,
				1C75963F225AEAFFA0FEA8B9 /* RecordingFlowUITests.swift in Sources */,
				40D636ACD7DBF3B1E43AFDDF /* SearchUITests.swift in Sources */,
				38BE9D59B4EF1F052150EB07 /* SettingsUITests.swift in Sources */,
			);
			runOnlyForDeploymentPostprocessing = 0;
		};
		D119419912C3002408C5506C /* Sources */ = {
			isa = PBXSourcesBuildPhase;
			buildActionMask = 2147483647;
			files = (
				B63DF78A8686D2FAA022F61E /* DesignSystem.swift in Sources */,
				EBE705A07D4E3B7658F01A8D /* DictationDictionaryStore.swift in Sources */,
				58479A746B79F201EF103EDD /* DictationDictionaryView.swift in Sources */,
				4F89861E4B946D385133A083 /* DictationHistoryStore.swift in Sources */,
				402B62A24411C420860ADA4C /* DictationHistoryView.swift in Sources */,
				8CA484F780B151F82D9158A0 /* DictationManager.swift in Sources */,
				5B143E6F328121C14AD4279D /* DictationOverlayPanel.swift in Sources */,
				9E5ABE0A28110DD379FAE1A3 /* DictationOverlayView.swift in Sources */,
				D78FA661D9BEF4977F0DA1F7 /* GlobalHotkeyManager.swift in Sources */,
				7424E4CD48329A14F18220DD /* LiveRecordingView.swift in Sources */,
				86DA29AAEC52511D6C3E1C19 /* MacAppsView.swift in Sources */,
				F6FEEE103FC6B5BB8CE6FDFC /* MacContentView.swift in Sources */,
				E0E7ADA85977D50D826640DF /* MacImportViewModel.swift in Sources */,
				E4173E0090EBFDA66E55EF91 /* MacLibraryViewModel.swift in Sources */,
				3607D9E2309923AE1DB2DAC3 /* MacRecordingDetailView.swift in Sources */,
				6FF6B6B196BCAEBEC1B59422 /* MacRecordingViewModel.swift in Sources */,
				23A62FA868B3F0805624D42D /* MacSearchView.swift in Sources */,
				64DF281EE4ECC67983301713 /* MacSettingsView.swift in Sources */,
				72C79DC6A2D4A66CD6FA3C71 /* MacTestingSupport.swift in Sources */,
				39B6AFD92F1B24B697A1421A /* MacTranscriptView.swift in Sources */,
				09E0081D8C6ABEF3930BBFE7 /* MenuBarView.swift in Sources */,
				1D731BE7B7C9F78F0804A071 /* NewRecordingView.swift in Sources */,
				BBB9C76ABEF5303EB936B27D /* OnboardingPage.swift in Sources */,
				2E9A40EB786CAC59E78E38FE /* OnboardingSlide.swift in Sources */,
				AA0F8A4C9DEC9D4DB70386D3 /* OnboardingView.swift in Sources */,
				54BC0EC9AFBD4ABF4508B2EE /* PermissionBanner.swift in Sources */,
				6792148BC35E4BB7E51EA8FA /* RecordingListView.swift in Sources */,
				10C8D6DC7155864ED05CC2F7 /* TextInserter.swift in Sources */,
				E668861F4A0CF3BC7D1C4355 /* WaiSayMacApp.swift in Sources */,
			);
			runOnlyForDeploymentPostprocessing = 0;
		};
/* End PBXSourcesBuildPhase section */

/* Begin PBXTargetDependency section */
		A3C9452D3F810FB2325983CE /* PBXTargetDependency */ = {
			isa = PBXTargetDependency;
			target = EA526461FF2878ADBFF48815 /* WaiSay */;
			targetProxy = E1A03935329223C5201FA7E5 /* PBXContainerItemProxy */;
		};
/* End PBXTargetDependency section */

/* Begin XCBuildConfiguration section */
		1C8C820BAF69126E0F1144BA /* Debug */ = {
			isa = XCBuildConfiguration;
			buildSettings = {
				ALWAYS_SEARCH_USER_PATHS = NO;
				CLANG_ANALYZER_NONNULL = YES;
				CLANG_ANALYZER_NUMBER_OBJECT_CONVERSION = YES_AGGRESSIVE;
				CLANG_CXX_LANGUAGE_STANDARD = "gnu++14";
				CLANG_CXX_LIBRARY = "libc++";
				CLANG_ENABLE_MODULES = YES;
				CLANG_ENABLE_OBJC_ARC = YES;
				CLANG_ENABLE_OBJC_WEAK = YES;
				CLANG_WARN_BLOCK_CAPTURE_AUTORELEASING = YES;
				CLANG_WARN_BOOL_CONVERSION = YES;
				CLANG_WARN_COMMA = YES;
				CLANG_WARN_CONSTANT_CONVERSION = YES;
				CLANG_WARN_DEPRECATED_OBJC_IMPLEMENTATIONS = YES;
				CLANG_WARN_DIRECT_OBJC_ISA_USAGE = YES_ERROR;
				CLANG_WARN_DOCUMENTATION_COMMENTS = YES;
				CLANG_WARN_EMPTY_BODY = YES;
				CLANG_WARN_ENUM_CONVERSION = YES;
				CLANG_WARN_INFINITE_RECURSION = YES;
				CLANG_WARN_INT_CONVERSION = YES;
				CLANG_WARN_NON_LITERAL_NULL_CONVERSION = YES;
				CLANG_WARN_OBJC_IMPLICIT_RETAIN_SELF = YES;
				CLANG_WARN_OBJC_LITERAL_CONVERSION = YES;
				CLANG_WARN_OBJC_ROOT_CLASS = YES_ERROR;
				CLANG_WARN_QUOTED_INCLUDE_IN_FRAMEWORK_HEADER = YES;
				CLANG_WARN_RANGE_LOOP_ANALYSIS = YES;
				CLANG_WARN_STRICT_PROTOTYPES = YES;
				CLANG_WARN_SUSPICIOUS_MOVE = YES;
				CLANG_WARN_UNGUARDED_AVAILABILITY = YES_AGGRESSIVE;
				CLANG_WARN_UNREACHABLE_CODE = YES;
				CLANG_WARN__DUPLICATE_METHOD_MATCH = YES;
				COPY_PHASE_STRIP = NO;
				DEBUG_INFORMATION_FORMAT = dwarf;
				ENABLE_STRICT_OBJC_MSGSEND = YES;
				ENABLE_TESTABILITY = YES;
				GCC_C_LANGUAGE_STANDARD = gnu11;
				GCC_DYNAMIC_NO_PIC = NO;
				GCC_NO_COMMON_BLOCKS = YES;
				GCC_OPTIMIZATION_LEVEL = 0;
				GCC_PREPROCESSOR_DEFINITIONS = (
					"$(inherited)",
					"DEBUG=1",
				);
				GCC_WARN_64_TO_32_BIT_CONVERSION = YES;
				GCC_WARN_ABOUT_RETURN_TYPE = YES_ERROR;
				GCC_WARN_UNDECLARED_SELECTOR = YES;
				GCC_WARN_UNINITIALIZED_AUTOS = YES_AGGRESSIVE;
				GCC_WARN_UNUSED_FUNCTION = YES;
				GCC_WARN_UNUSED_VARIABLE = YES;
				MACOSX_DEPLOYMENT_TARGET = 14.0;
				MTL_ENABLE_DEBUG_INFO = INCLUDE_SOURCE;
				MTL_FAST_MATH = YES;
				ONLY_ACTIVE_ARCH = YES;
				PRODUCT_NAME = "$(TARGET_NAME)";
				SDKROOT = macosx;
				SWIFT_ACTIVE_COMPILATION_CONDITIONS = DEBUG;
				SWIFT_OPTIMIZATION_LEVEL = "-Onone";
				SWIFT_VERSION = 5.0;
			};
			name = Debug;
		};
		1FAB5FFCF2B107ED876DA16E /* Release */ = {
			isa = XCBuildConfiguration;
			buildSettings = {
				ASSETCATALOG_COMPILER_APPICON_NAME = AppIcon;
				CODE_SIGN_ENTITLEMENTS = WaiSay/WaiSay.entitlements;
				CODE_SIGN_STYLE = Automatic;
				COMBINE_HIDPI_IMAGES = YES;
				CURRENT_PROJECT_VERSION = 63;
				DEVELOPMENT_TEAM = R4A779QVVY;
				ENABLE_APP_SANDBOX = NO;
				ENABLE_HARDENED_RUNTIME = YES;
				INFOPLIST_FILE = WaiSay/Info.plist;
				LD_RUNPATH_SEARCH_PATHS = (
					"$(inherited)",
					"@executable_path/../Frameworks",
				);
				MACOSX_DEPLOYMENT_TARGET = 14.0;
				MARKETING_VERSION = 1.0.8;
				PRODUCT_BUNDLE_IDENTIFIER = is.waiwai.say;
				PRODUCT_NAME = WaiSay;
				SDKROOT = macosx;
				SWIFT_VERSION = 5.9;
			};
			name = Release;
		};
		80A27EC94E66EB39BE622959 /* Release */ = {
			isa = XCBuildConfiguration;
			buildSettings = {
				BUNDLE_LOADER = "$(TEST_HOST)";
				COMBINE_HIDPI_IMAGES = YES;
				DEVELOPMENT_TEAM = R4A779QVVY;
				GENERATE_INFOPLIST_FILE = YES;
				LD_RUNPATH_SEARCH_PATHS = (
					"$(inherited)",
					"@executable_path/Frameworks",
					"@loader_path/Frameworks",
				);
				PRODUCT_BUNDLE_IDENTIFIER = is.waiwai.say.uitests;
				SDKROOT = macosx;
				SWIFT_VERSION = 5.9;
				TEST_TARGET_NAME = WaiSay;
			};
			name = Release;
		};
		893B8FF712CE83A0735FE268 /* Debug */ = {
			isa = XCBuildConfiguration;
			buildSettings = {
				ASSETCATALOG_COMPILER_APPICON_NAME = AppIcon;
				CODE_SIGN_ENTITLEMENTS = WaiSay/WaiSay.entitlements;
				CODE_SIGN_STYLE = Automatic;
				COMBINE_HIDPI_IMAGES = YES;
				CURRENT_PROJECT_VERSION = 63;
				DEVELOPMENT_TEAM = R4A779QVVY;
				ENABLE_APP_SANDBOX = NO;
				ENABLE_HARDENED_RUNTIME = YES;
				INFOPLIST_FILE = WaiSay/Info.plist;
				LD_RUNPATH_SEARCH_PATHS = (
					"$(inherited)",
					"@executable_path/../Frameworks",
				);
				MACOSX_DEPLOYMENT_TARGET = 14.0;
				MARKETING_VERSION = 1.0.8;
				PRODUCT_BUNDLE_IDENTIFIER = is.waiwai.say.dev;
				PRODUCT_NAME = WaiSay;
				SDKROOT = macosx;
				SWIFT_VERSION = 5.9;
			};
			name = Debug;
		};
		D8F7936611480873CEE7A6D0 /* Release */ = {
			isa = XCBuildConfiguration;
			buildSettings = {
				ALWAYS_SEARCH_USER_PATHS = NO;
				CLANG_ANALYZER_NONNULL = YES;
				CLANG_ANALYZER_NUMBER_OBJECT_CONVERSION = YES_AGGRESSIVE;
				CLANG_CXX_LANGUAGE_STANDARD = "gnu++14";
				CLANG_CXX_LIBRARY = "libc++";
				CLANG_ENABLE_MODULES = YES;
				CLANG_ENABLE_OBJC_ARC = YES;
				CLANG_ENABLE_OBJC_WEAK = YES;
				CLANG_WARN_BLOCK_CAPTURE_AUTORELEASING = YES;
				CLANG_WARN_BOOL_CONVERSION = YES;
				CLANG_WARN_COMMA = YES;
				CLANG_WARN_CONSTANT_CONVERSION = YES;
				CLANG_WARN_DEPRECATED_OBJC_IMPLEMENTATIONS = YES;
				CLANG_WARN_DIRECT_OBJC_ISA_USAGE = YES_ERROR;
				CLANG_WARN_DOCUMENTATION_COMMENTS = YES;
				CLANG_WARN_EMPTY_BODY = YES;
				CLANG_WARN_ENUM_CONVERSION = YES;
				CLANG_WARN_INFINITE_RECURSION = YES;
				CLANG_WARN_INT_CONVERSION = YES;
				CLANG_WARN_NON_LITERAL_NULL_CONVERSION = YES;
				CLANG_WARN_OBJC_IMPLICIT_RETAIN_SELF = YES;
				CLANG_WARN_OBJC_LITERAL_CONVERSION = YES;
				CLANG_WARN_OBJC_ROOT_CLASS = YES_ERROR;
				CLANG_WARN_QUOTED_INCLUDE_IN_FRAMEWORK_HEADER = YES;
				CLANG_WARN_RANGE_LOOP_ANALYSIS = YES;
				CLANG_WARN_STRICT_PROTOTYPES = YES;
				CLANG_WARN_SUSPICIOUS_MOVE = YES;
				CLANG_WARN_UNGUARDED_AVAILABILITY = YES_AGGRESSIVE;
				CLANG_WARN_UNREACHABLE_CODE = YES;
				CLANG_WARN__DUPLICATE_METHOD_MATCH = YES;
				COPY_PHASE_STRIP = NO;
				DEBUG_INFORMATION_FORMAT = "dwarf-with-dsym";
				ENABLE_NS_ASSERTIONS = NO;
				ENABLE_STRICT_OBJC_MSGSEND = YES;
				GCC_C_LANGUAGE_STANDARD = gnu11;
				GCC_NO_COMMON_BLOCKS = YES;
				GCC_WARN_64_TO_32_BIT_CONVERSION = YES;
				GCC_WARN_ABOUT_RETURN_TYPE = YES_ERROR;
				GCC_WARN_UNDECLARED_SELECTOR = YES;
				GCC_WARN_UNINITIALIZED_AUTOS = YES_AGGRESSIVE;
				GCC_WARN_UNUSED_FUNCTION = YES;
				GCC_WARN_UNUSED_VARIABLE = YES;
				MACOSX_DEPLOYMENT_TARGET = 14.0;
				MTL_ENABLE_DEBUG_INFO = NO;
				MTL_FAST_MATH = YES;
				PRODUCT_NAME = "$(TARGET_NAME)";
				SDKROOT = macosx;
				SWIFT_COMPILATION_MODE = wholemodule;
				SWIFT_OPTIMIZATION_LEVEL = "-O";
				SWIFT_VERSION = 5.0;
			};
			name = Release;
		};
		F3B907F10B8F474AFD85A9C8 /* Debug */ = {
			isa = XCBuildConfiguration;
			buildSettings = {
				BUNDLE_LOADER = "$(TEST_HOST)";
				COMBINE_HIDPI_IMAGES = YES;
				DEVELOPMENT_TEAM = R4A779QVVY;
				GENERATE_INFOPLIST_FILE = YES;
				LD_RUNPATH_SEARCH_PATHS = (
					"$(inherited)",
					"@executable_path/Frameworks",
					"@loader_path/Frameworks",
				);
				PRODUCT_BUNDLE_IDENTIFIER = is.waiwai.say.uitests;
				SDKROOT = macosx;
				SWIFT_VERSION = 5.9;
				TEST_TARGET_NAME = WaiSay;
			};
			name = Debug;
		};
/* End XCBuildConfiguration section */

/* Begin XCConfigurationList section */
		15DCBA302161908FE364875F /* Build configuration list for PBXNativeTarget "WaiSay" */ = {
			isa = XCConfigurationList;
			buildConfigurations = (
				893B8FF712CE83A0735FE268 /* Debug */,
				1FAB5FFCF2B107ED876DA16E /* Release */,
			);
			defaultConfigurationIsVisible = 0;
			defaultConfigurationName = Debug;
		};
		203F1C926FB83298AC98F526 /* Build configuration list for PBXProject "WaiSay" */ = {
			isa = XCConfigurationList;
			buildConfigurations = (
				1C8C820BAF69126E0F1144BA /* Debug */,
				D8F7936611480873CEE7A6D0 /* Release */,
			);
			defaultConfigurationIsVisible = 0;
			defaultConfigurationName = Debug;
		};
		840D909F709030576857BAA0 /* Build configuration list for PBXNativeTarget "WaiSayUITests" */ = {
			isa = XCConfigurationList;
			buildConfigurations = (
				F3B907F10B8F474AFD85A9C8 /* Debug */,
				80A27EC94E66EB39BE622959 /* Release */,
			);
			defaultConfigurationIsVisible = 0;
			defaultConfigurationName = Debug;
		};
/* End XCConfigurationList section */

/* Begin XCLocalSwiftPackageReference section */
		2AACB7D64C60A3E8B30C880E /* XCLocalSwiftPackageReference "../../shared/WaiSayKit" */ = {
			isa = XCLocalSwiftPackageReference;
			relativePath = ../../shared/WaiSayKit;
		};
/* End XCLocalSwiftPackageReference section */

/* Begin XCRemoteSwiftPackageReference section */
		928DD30D83A6344482107D75 /* XCRemoteSwiftPackageReference "Sparkle" */ = {
			isa = XCRemoteSwiftPackageReference;
			repositoryURL = "https://github.com/sparkle-project/Sparkle";
			requirement = {
				kind = upToNextMajorVersion;
				minimumVersion = 2.7.0;
			};
		};
/* End XCRemoteSwiftPackageReference section */

/* Begin XCSwiftPackageProductDependency section */
		47789AB5C115E562AAAC3ED9 /* WaiSayKit */ = {
			isa = XCSwiftPackageProductDependency;
			productName = WaiSayKit;
		};
		5D41ED19D94A2EFAE4A075E3 /* Sparkle */ = {
			isa = XCSwiftPackageProductDependency;
			package = 928DD30D83A6344482107D75 /* XCRemoteSwiftPackageReference "Sparkle" */;
			productName = Sparkle;
		};
/* End XCSwiftPackageProductDependency section */
	};
	rootObject = 425E2D74FA7EAEE6409DE52D /* Project object */;
}
